
Microsoft Visual Studio Solution File, Format Version 12.00
# Visual Studio 15
VisualStudioVersion = 15.0.28307.572
MinimumVisualStudioVersion = 10.0.40219.1
Project("{F14B399A-7131-4C87-9E4B-1186C45EF12D}") = "Building Reports", "Building Reports\Building Reports.rptproj", "{1F784F4D-F8A4-4911-9295-0794936DA5F3}"
EndProject
Global
	GlobalSection(SolutionConfigurationPlatforms) = preSolution
		Debug|Default = Debug|Default
		DebugLocal|Default = DebugLocal|Default
		Release|Default = Release|Default
	EndGlobalSection
	GlobalSection(ProjectConfigurationPlatforms) = postSolution
		{1F784F4D-F8A4-4911-9295-0794936DA5F3}.Debug|Default.ActiveCfg = Debug
		{1F784F4D-F8A4-4911-9295-0794936DA5F3}.Debug|Default.Build.0 = Debug
		{1F784F4D-F8A4-4911-9295-0794936DA5F3}.Debug|Default.Deploy.0 = Debug
		{1F784F4D-F8A4-4911-9295-0794936DA5F3}.DebugLocal|Default.ActiveCfg = DebugLocal
		{1F784F4D-F8A4-4911-9295-0794936DA5F3}.DebugLocal|Default.Build.0 = DebugLocal
		{1F784F4D-F8A4-4911-9295-0794936DA5F3}.Release|Default.ActiveCfg = Release
		{1F784F4D-F8A4-4911-9295-0794936DA5F3}.Release|Default.Build.0 = Release
		{1F784F4D-F8A4-4911-9295-0794936DA5F3}.Release|Default.Deploy.0 = Release
	EndGlobalSection
	GlobalSection(SolutionProperties) = preSolution
		HideSolutionNode = FALSE
	EndGlobalSection
	GlobalSection(ExtensibilityGlobals) = postSolution
		SolutionGuid = {7EC81E46-11EB-4945-B641-E372F49B3415}
	EndGlobalSection
EndGlobal
